
Microsoft Visual Studio Solution File, Format Version 12.00
# Visual Studio 15
VisualStudioVersion = 15.0.27130.2027
MinimumVisualStudioVersion = 10.0.40219.1
Project("{9092AA53-FB77-4645-B42D-1CCCA6BD08BD}") = "common", "common\common.njsproj", "{8ABCF5FE-EC92-4FFB-96E5-821790941E57}"
EndProject
Project("{2150E333-8FDC-42A3-9474-1A3956D46DE8}") = "build", "build", "{12D2E214-18DA-4DB7-80D6-8AB79D46D846}"
	ProjectSection(SolutionItems) = preProject
		build\BuildExtension.ps1 = build\BuildExtension.ps1
		build\BuildFunctions.psm1 = build\BuildFunctions.psm1
	EndProjectSection
EndProject
Project("{2150E333-8FDC-42A3-9474-1A3956D46DE8}") = "Solution Items", "Solution Items", "{DAAD89E4-610D-497E-88C4-7FD340EA502F}"
	ProjectSection(SolutionItems) = preProject
		appveyor.yml = appveyor.yml
		CONTRIBUTING.md = CONTRIBUTING.md
		DETAILS.md = DETAILS.md
		InstallCommon.targets = InstallCommon.targets
		LICENSE = LICENSE
		manifest.json = manifest.json
		README.md = README.md
		tsconfig.json = tsconfig.json
	EndProjectSection
	ProjectSection(FolderGlobals) = preProject
		__JSONSchema = https://raw.githubusercontent.com/ILMTitan/tfs-cli/4f5b05447ed99ec2c205506d55ca2e677d1691a2/manifest.schema.json
	EndProjectSection
EndProject
Project("{9092AA53-FB77-4645-B42D-1CCCA6BD08BD}") = "deploy-gae-build-task", "deploy-gae-build-task\deploy-gae-build-task.njsproj", "{153A1216-9310-4CEB-888B-31EC531EB509}"
	ProjectSection(ProjectDependencies) = postProject
		{8ABCF5FE-EC92-4FFB-96E5-821790941E57} = {8ABCF5FE-EC92-4FFB-96E5-821790941E57}
	EndProjectSection
EndProject
Project("{9092AA53-FB77-4645-B42D-1CCCA6BD08BD}") = "set-login-build-task", "set-login-build-task\set-login-build-task.njsproj", "{0A7863B2-B281-450B-9CB6-C0B93913D080}"
	ProjectSection(ProjectDependencies) = postProject
		{8ABCF5FE-EC92-4FFB-96E5-821790941E57} = {8ABCF5FE-EC92-4FFB-96E5-821790941E57}
	EndProjectSection
EndProject
Project("{9092AA53-FB77-4645-B42D-1CCCA6BD08BD}") = "container-build-task", "container-build-task\container-build-task.njsproj", "{86DB8657-6D59-4455-9F30-81343CBE7CBC}"
	ProjectSection(ProjectDependencies) = postProject
		{8ABCF5FE-EC92-4FFB-96E5-821790941E57} = {8ABCF5FE-EC92-4FFB-96E5-821790941E57}
	EndProjectSection
EndProject
Project("{9092AA53-FB77-4645-B42D-1CCCA6BD08BD}") = "deploy-gke-build-task", "deploy-gke-build-task\deploy-gke-build-task.njsproj", "{D839A77D-05FA-4180-9ECB-E44C987599F2}"
	ProjectSection(ProjectDependencies) = postProject
		{8ABCF5FE-EC92-4FFB-96E5-821790941E57} = {8ABCF5FE-EC92-4FFB-96E5-821790941E57}
	EndProjectSection
EndProject
Project("{F5034706-568F-408A-B7B3-4D38C6DB8A32}") = "install-cloud-sdk-build-task", "install-cloud-sdk-build-task\install-cloud-sdk-build-task.pssproj", "{6CAFC0C6-A428-4D30-A9F9-700E829FEA51}"
EndProject
Project("{9092AA53-FB77-4645-B42D-1CCCA6BD08BD}") = "gcloud-build-task", "gcloud-build-task\gcloud-build-task.njsproj", "{7340F853-0853-43B8-9F85-C958E3152435}"
	ProjectSection(ProjectDependencies) = postProject
		{8ABCF5FE-EC92-4FFB-96E5-821790941E57} = {8ABCF5FE-EC92-4FFB-96E5-821790941E57}
	EndProjectSection
EndProject
Project("{9092AA53-FB77-4645-B42D-1CCCA6BD08BD}") = "kubectl-build-task", "kubectl-build-task\kubectl-build-task.njsproj", "{612403B0-EC0E-402A-AE7E-6499FAF9AB16}"
	ProjectSection(ProjectDependencies) = postProject
		{8ABCF5FE-EC92-4FFB-96E5-821790941E57} = {8ABCF5FE-EC92-4FFB-96E5-821790941E57}
	EndProjectSection
EndProject
Project("{9092AA53-FB77-4645-B42D-1CCCA6BD08BD}") = "cloud-sdk-tool-build-task", "cloud-sdk-tool-build-task\cloud-sdk-tool-build-task.njsproj", "{50D73809-62B3-485F-9211-0AB681CCEFFD}"
	ProjectSection(ProjectDependencies) = postProject
		{8ABCF5FE-EC92-4FFB-96E5-821790941E57} = {8ABCF5FE-EC92-4FFB-96E5-821790941E57}
	EndProjectSection
EndProject
Project("{9092AA53-FB77-4645-B42D-1CCCA6BD08BD}") = "instance-group-ips-build-task", "instance-group-ips-build-task\instance-group-ips-build-task.njsproj", "{5B1CBB3B-4E53-4C54-B935-02E447EC1A9E}"
EndProject
Global
	GlobalSection(SolutionConfigurationPlatforms) = preSolution
		Debug|Any CPU = Debug|Any CPU
		Release|Any CPU = Release|Any CPU
	EndGlobalSection
	GlobalSection(ProjectConfigurationPlatforms) = postSolution
		{8ABCF5FE-EC92-4FFB-96E5-821790941E57}.Debug|Any CPU.ActiveCfg = Debug|Any CPU
		{8ABCF5FE-EC92-4FFB-96E5-821790941E57}.Debug|Any CPU.Build.0 = Debug|Any CPU
		{8ABCF5FE-EC92-4FFB-96E5-821790941E57}.Release|Any CPU.ActiveCfg = Release|Any CPU
		{8ABCF5FE-EC92-4FFB-96E5-821790941E57}.Release|Any CPU.Build.0 = Release|Any CPU
		{153A1216-9310-4CEB-888B-31EC531EB509}.Debug|Any CPU.ActiveCfg = Debug|Any CPU
		{153A1216-9310-4CEB-888B-31EC531EB509}.Debug|Any CPU.Build.0 = Debug|Any CPU
		{153A1216-9310-4CEB-888B-31EC531EB509}.Release|Any CPU.ActiveCfg = Release|Any CPU
		{153A1216-9310-4CEB-888B-31EC531EB509}.Release|Any CPU.Build.0 = Release|Any CPU
		{0A7863B2-B281-450B-9CB6-C0B93913D080}.Debug|Any CPU.ActiveCfg = Debug|Any CPU
		{0A7863B2-B281-450B-9CB6-C0B93913D080}.Debug|Any CPU.Build.0 = Debug|Any CPU
		{0A7863B2-B281-450B-9CB6-C0B93913D080}.Release|Any CPU.ActiveCfg = Release|Any CPU
		{0A7863B2-B281-450B-9CB6-C0B93913D080}.Release|Any CPU.Build.0 = Release|Any CPU
		{86DB8657-6D59-4455-9F30-81343CBE7CBC}.Debug|Any CPU.ActiveCfg = Debug|Any CPU
		{86DB8657-6D59-4455-9F30-81343CBE7CBC}.Debug|Any CPU.Build.0 = Debug|Any CPU
		{86DB8657-6D59-4455-9F30-81343CBE7CBC}.Release|Any CPU.ActiveCfg = Release|Any CPU
		{86DB8657-6D59-4455-9F30-81343CBE7CBC}.Release|Any CPU.Build.0 = Release|Any CPU
		{D839A77D-05FA-4180-9ECB-E44C987599F2}.Debug|Any CPU.ActiveCfg = Debug|Any CPU
		{D839A77D-05FA-4180-9ECB-E44C987599F2}.Debug|Any CPU.Build.0 = Debug|Any CPU
		{D839A77D-05FA-4180-9ECB-E44C987599F2}.Release|Any CPU.ActiveCfg = Release|Any CPU
		{D839A77D-05FA-4180-9ECB-E44C987599F2}.Release|Any CPU.Build.0 = Release|Any CPU
		{6CAFC0C6-A428-4D30-A9F9-700E829FEA51}.Debug|Any CPU.ActiveCfg = Debug|Any CPU
		{6CAFC0C6-A428-4D30-A9F9-700E829FEA51}.Debug|Any CPU.Build.0 = Debug|Any CPU
		{6CAFC0C6-A428-4D30-A9F9-700E829FEA51}.Release|Any CPU.ActiveCfg = Release|Any CPU
		{6CAFC0C6-A428-4D30-A9F9-700E829FEA51}.Release|Any CPU.Build.0 = Release|Any CPU
		{7340F853-0853-43B8-9F85-C958E3152435}.Debug|Any CPU.ActiveCfg = Debug|Any CPU
		{7340F853-0853-43B8-9F85-C958E3152435}.Debug|Any CPU.Build.0 = Debug|Any CPU
		{7340F853-0853-43B8-9F85-C958E3152435}.Release|Any CPU.ActiveCfg = Release|Any CPU
		{7340F853-0853-43B8-9F85-C958E3152435}.Release|Any CPU.Build.0 = Release|Any CPU
		{612403B0-EC0E-402A-AE7E-6499FAF9AB16}.Debug|Any CPU.ActiveCfg = Debug|Any CPU
		{612403B0-EC0E-402A-AE7E-6499FAF9AB16}.Debug|Any CPU.Build.0 = Debug|Any CPU
		{612403B0-EC0E-402A-AE7E-6499FAF9AB16}.Release|Any CPU.ActiveCfg = Release|Any CPU
		{612403B0-EC0E-402A-AE7E-6499FAF9AB16}.Release|Any CPU.Build.0 = Release|Any CPU
		{50D73809-62B3-485F-9211-0AB681CCEFFD}.Debug|Any CPU.ActiveCfg = Debug|Any CPU
		{50D73809-62B3-485F-9211-0AB681CCEFFD}.Debug|Any CPU.Build.0 = Debug|Any CPU
		{50D73809-62B3-485F-9211-0AB681CCEFFD}.Release|Any CPU.ActiveCfg = Release|Any CPU
		{50D73809-62B3-485F-9211-0AB681CCEFFD}.Release|Any CPU.Build.0 = Release|Any CPU
		{5B1CBB3B-4E53-4C54-B935-02E447EC1A9E}.Debug|Any CPU.ActiveCfg = Debug|Any CPU
		{5B1CBB3B-4E53-4C54-B935-02E447EC1A9E}.Debug|Any CPU.Build.0 = Debug|Any CPU
		{5B1CBB3B-4E53-4C54-B935-02E447EC1A9E}.Release|Any CPU.ActiveCfg = Release|Any CPU
		{5B1CBB3B-4E53-4C54-B935-02E447EC1A9E}.Release|Any CPU.Build.0 = Release|Any CPU
	EndGlobalSection
	GlobalSection(SolutionProperties) = preSolution
		HideSolutionNode = FALSE
	EndGlobalSection
	GlobalSection(ExtensibilityGlobals) = postSolution
		SolutionGuid = {F8A0CA21-7F7F-484A-9619-D31D44FE8982}
	EndGlobalSection
EndGlobal
